Microsoft Visual Studio Solution File, Format Version 12.00
# Visual Studio Version 17
VisualStudioVersion = 17.12.35527.113
MinimumVisualStudioVersion = 10.0.40219.1
Project("{FAE04EC0-301F-11D3-BF4B-00C04F79EFBC}") = "Online-Assessment", "Online-Assessment\Online-Assessment.csproj", "{287590C4-1229-4A76-883B-5C83E6DC0378}"
EndProject
Project("{FAE04EC0-301F-11D3-BF4B-00C04F79EFBC}") = "Online-Assessment.Shared", "Online-Assessment.Shared\Online-Assessment.Shared.csproj", "{3792DC7B-E0EC-44ED-9FDA-5BC5542AE0A8}"
EndProject
Project("{FAE04EC0-301F-11D3-BF4B-00C04F79EFBC}") = "Online-Assessment.Web", "Online-Assessment.Web\Online-Assessment.Web.csproj", "{52388487-2A68-4D12-BDD4-903524066BC8}"
EndProject
Project("{FAE04EC0-301F-11D3-BF4B-00C04F79EFBC}") = "Online-Assessment.Web.Client", "Online-Assessment.Web.Client\Online-Assessment.Web.Client.csproj", "{A1F6F8C1-5213-45CC-BB63-2C2F2BC114CB}"
EndProject
Global
	GlobalSection(SolutionConfigurationPlatforms) = preSolution
		Debug|Any CPU = Debug|Any CPU
		Release|Any CPU = Release|Any CPU
	EndGlobalSection
	GlobalSection(ProjectConfigurationPlatforms) = postSolution
		{287590C4-1229-4A76-883B-5C83E6DC0378}.Debug|Any CPU.ActiveCfg = Debug|Any CPU
		{287590C4-1229-4A76-883B-5C83E6DC0378}.Debug|Any CPU.Build.0 = Debug|Any CPU
		{287590C4-1229-4A76-883B-5C83E6DC0378}.Release|Any CPU.ActiveCfg = Release|Any CPU
		{287590C4-1229-4A76-883B-5C83E6DC0378}.Release|Any CPU.Build.0 = Release|Any CPU
		{3792DC7B-E0EC-44ED-9FDA-5BC5542AE0A8}.Debug|Any CPU.ActiveCfg = Debug|Any CPU
		{3792DC7B-E0EC-44ED-9FDA-5BC5542AE0A8}.Debug|Any CPU.Build.0 = Debug|Any CPU
		{3792DC7B-E0EC-44ED-9FDA-5BC5542AE0A8}.Release|Any CPU.ActiveCfg = Release|Any CPU
		{3792DC7B-E0EC-44ED-9FDA-5BC5542AE0A8}.Release|Any CPU.Build.0 = Release|Any CPU
		{52388487-2A68-4D12-BDD4-903524066BC8}.Debug|Any CPU.ActiveCfg = Debug|Any CPU
		{52388487-2A68-4D12-BDD4-903524066BC8}.Debug|Any CPU.Build.0 = Debug|Any CPU
		{52388487-2A68-4D12-BDD4-903524066BC8}.Release|Any CPU.ActiveCfg = Release|Any CPU
		{52388487-2A68-4D12-BDD4-903524066BC8}.Release|Any CPU.Build.0 = Release|Any CPU
		{A1F6F8C1-5213-45CC-BB63-2C2F2BC114CB}.Debug|Any CPU.ActiveCfg = Debug|Any CPU
		{A1F6F8C1-5213-45CC-BB63-2C2F2BC114CB}.Debug|Any CPU.Build.0 = Debug|Any CPU
		{A1F6F8C1-5213-45CC-BB63-2C2F2BC114CB}.Release|Any CPU.ActiveCfg = Release|Any CPU
		{A1F6F8C1-5213-45CC-BB63-2C2F2BC114CB}.Release|Any CPU.Build.0 = Release|Any CPU
	EndGlobalSection
	GlobalSection(SolutionProperties) = preSolution
		HideSolutionNode = FALSE
	EndGlobalSection
EndGlobal
